
Microsoft Visual Studio Solution File, Format Version 12.00
# Visual Studio Version 16
VisualStudioVersion = 16.0.30804.86
MinimumVisualStudioVersion = 10.0.40219.1
Project("{FAE04EC0-301F-11D3-BF4B-00C04F79EFBC}") = "CRS.WEB", "CRS.WEB\CRS.WEB.csproj", "{28E3ACC4-4229-4231-B584-A57FCA07474F}"
EndProject
Project("{FAE04EC0-301F-11D3-BF4B-00C04F79EFBC}") = "CRS.Core", "CRS.Core\CRS.Core.csproj", "{922F872B-3A74-4FDE-8895-C4AA660F38D4}"
EndProject
Project("{FAE04EC0-301F-11D3-BF4B-00C04F79EFBC}") = "CRS.Domain", "CRS.Domain\CRS.Domain.csproj", "{941EDB3B-311D-4126-9B59-EB95C5C3D446}"
EndProject
Project("{FAE04EC0-301F-11D3-BF4B-00C04F79EFBC}") = "CRS.Manager", "CRS.Manager\CRS.Manager.csproj", "{52D0623E-AA37-45ED-B2E0-F0358DF924E4}"
EndProject
Project("{FAE04EC0-301F-11D3-BF4B-00C04F79EFBC}") = "CRS.Service", "CRS.Service\CRS.Service.csproj", "{84B0B5C0-B3CA-4F06-90E8-9C635EB41931}"
EndProject
Project("{FAE04EC0-301F-11D3-BF4B-00C04F79EFBC}") = "CRS.Component", "CRS.Component\CRS.Component.csproj", "{209323DE-2881-435A-9D95-CBC570BE1BBA}"
EndProject
Global
	GlobalSection(SolutionConfigurationPlatforms) = preSolution
		Debug|Any CPU = Debug|Any CPU
		Release|Any CPU = Release|Any CPU
	EndGlobalSection
	GlobalSection(ProjectConfigurationPlatforms) = postSolution
		{28E3ACC4-4229-4231-B584-A57FCA07474F}.Debug|Any CPU.ActiveCfg = Debug|Any CPU
		{28E3ACC4-4229-4231-B584-A57FCA07474F}.Debug|Any CPU.Build.0 = Debug|Any CPU
		{28E3ACC4-4229-4231-B584-A57FCA07474F}.Release|Any CPU.ActiveCfg = Release|Any CPU
		{28E3ACC4-4229-4231-B584-A57FCA07474F}.Release|Any CPU.Build.0 = Release|Any CPU
		{922F872B-3A74-4FDE-8895-C4AA660F38D4}.Debug|Any CPU.ActiveCfg = Debug|Any CPU
		{922F872B-3A74-4FDE-8895-C4AA660F38D4}.Debug|Any CPU.Build.0 = Debug|Any CPU
		{922F872B-3A74-4FDE-8895-C4AA660F38D4}.Release|Any CPU.ActiveCfg = Release|Any CPU
		{922F872B-3A74-4FDE-8895-C4AA660F38D4}.Release|Any CPU.Build.0 = Release|Any CPU
		{941EDB3B-311D-4126-9B59-EB95C5C3D446}.Debug|Any CPU.ActiveCfg = Debug|Any CPU
		{941EDB3B-311D-4126-9B59-EB95C5C3D446}.Debug|Any CPU.Build.0 = Debug|Any CPU
		{941EDB3B-311D-4126-9B59-EB95C5C3D446}.Release|Any CPU.ActiveCfg = Release|Any CPU
		{941EDB3B-311D-4126-9B59-EB95C5C3D446}.Release|Any CPU.Build.0 = Release|Any CPU
		{52D0623E-AA37-45ED-B2E0-F0358DF924E4}.Debug|Any CPU.ActiveCfg = Debug|Any CPU
		{52D0623E-AA37-45ED-B2E0-F0358DF924E4}.Debug|Any CPU.Build.0 = Debug|Any CPU
		{52D0623E-AA37-45ED-B2E0-F0358DF924E4}.Release|Any CPU.ActiveCfg = Release|Any CPU
		{52D0623E-AA37-45ED-B2E0-F0358DF924E4}.Release|Any CPU.Build.0 = Release|Any CPU
		{84B0B5C0-B3CA-4F06-90E8-9C635EB41931}.Debug|Any CPU.ActiveCfg = Debug|Any CPU
		{84B0B5C0-B3CA-4F06-90E8-9C635EB41931}.Debug|Any CPU.Build.0 = Debug|Any CPU
		{84B0B5C0-B3CA-4F06-90E8-9C635EB41931}.Release|Any CPU.ActiveCfg = Release|Any CPU
		{84B0B5C0-B3CA-4F06-90E8-9C635EB41931}.Release|Any CPU.Build.0 = Release|Any CPU
		{209323DE-2881-435A-9D95-CBC570BE1BBA}.Debug|Any CPU.ActiveCfg = Debug|Any CPU
		{209323DE-2881-435A-9D95-CBC570BE1BBA}.Debug|Any CPU.Build.0 = Debug|Any CPU
		{209323DE-2881-435A-9D95-CBC570BE1BBA}.Release|Any CPU.ActiveCfg = Release|Any CPU
		{209323DE-2881-435A-9D95-CBC570BE1BBA}.Release|Any CPU.Build.0 = Release|Any CPU
	EndGlobalSection
	GlobalSection(SolutionProperties) = preSolution
		HideSolutionNode = FALSE
	EndGlobalSection
	GlobalSection(ExtensibilityGlobals) = postSolution
		SolutionGuid = {B6C0EA8D-C32F-447C-A92C-6CB1C7BF87A4}
	EndGlobalSection
EndGlobal
